
Microsoft Visual Studio Solution File, Format Version 12.00
# Visual Studio Version 16
VisualStudioVersion = 16.0.30804.86
MinimumVisualStudioVersion = 10.0.40219.1
Project("{FAE04EC0-301F-11D3-BF4B-00C04F79EFBC}") = "Course.Library.API", "Course.Library.API\Course.Library.API.csproj", "{AE3742A3-8451-424A-B670-E89D818BD683}"
EndProject
Global
	GlobalSection(SolutionConfigurationPlatforms) = preSolution
		Debug|Any CPU = Debug|Any CPU
		Release|Any CPU = Release|Any CPU
	EndGlobalSection
	GlobalSection(ProjectConfigurationPlatforms) = postSolution
		{AE3742A3-8451-424A-B670-E89D818BD683}.Debug|Any CPU.ActiveCfg = Debug|Any CPU
		{AE3742A3-8451-424A-B670-E89D818BD683}.Debug|Any CPU.Build.0 = Debug|Any CPU
		{AE3742A3-8451-424A-B670-E89D818BD683}.Release|Any CPU.ActiveCfg = Release|Any CPU
		{AE3742A3-8451-424A-B670-E89D818BD683}.Release|Any CPU.Build.0 = Release|Any CPU
	EndGlobalSection
	GlobalSection(SolutionProperties) = preSolution
		HideSolutionNode = FALSE
	EndGlobalSection
	GlobalSection(ExtensibilityGlobals) = postSolution
		SolutionGuid = {BCCBB41C-D83D-4235-B95E-B9E07311CC73}
	EndGlobalSection
EndGlobal
